
Microsoft Visual Studio Solution File, Format Version 12.00
# Visual Studio Version 16
VisualStudioVersion = 16.0.31729.503
MinimumVisualStudioVersion = 10.0.40219.1
Project("{8BC9CEB8-8B4A-11D0-8D11-00A0C91BC942}") = "tuan_02", "tuan_02\tuan_02.vcxproj", "{15B7B398-3D7B-43AD-808E-39844FDE7F45}"
EndProject
Global
	GlobalSection(SolutionConfigurationPlatforms) = preSolution
		Debug|x64 = Debug|x64
		Debug|x86 = Debug|x86
		Release|x64 = Release|x64
		Release|x86 = Release|x86
	EndGlobalSection
	GlobalSection(ProjectConfigurationPlatforms) = postSolution
		{15B7B398-3D7B-43AD-808E-39844FDE7F45}.Debug|x64.ActiveCfg = Debug|x64
		{15B7B398-3D7B-43AD-808E-39844FDE7F45}.Debug|x64.Build.0 = Debug|x64
		{15B7B398-3D7B-43AD-808E-39844FDE7F45}.Debug|x86.ActiveCfg = Debug|Win32
		{15B7B398-3D7B-43AD-808E-39844FDE7F45}.Debug|x86.Build.0 = Debug|Win32
		{15B7B398-3D7B-43AD-808E-39844FDE7F45}.Release|x64.ActiveCfg = Release|x64
		{15B7B398-3D7B-43AD-808E-39844FDE7F45}.Release|x64.Build.0 = Release|x64
		{15B7B398-3D7B-43AD-808E-39844FDE7F45}.Release|x86.ActiveCfg = Release|Win32
		{15B7B398-3D7B-43AD-808E-39844FDE7F45}.Release|x86.Build.0 = Release|Win32
	EndGlobalSection
	GlobalSection(SolutionProperties) = preSolution
		HideSolutionNode = FALSE
	EndGlobalSection
	GlobalSection(ExtensibilityGlobals) = postSolution
		SolutionGuid = {22DCCA46-227C-46B1-85D9-82BBC68E1613}
	EndGlobalSection
EndGlobal
